
Microsoft Visual Studio Solution File, Format Version 12.00
# Visual Studio Version 17
VisualStudioVersion = 17.0.31903.59
MinimumVisualStudioVersion = 10.0.40219.1
Project("{FAE04EC0-301F-11D3-BF4B-00C04F79EFBC}") = "Day1Puzzle1", "Day1Puzzle1\Day1Puzzle1.csproj", "{17AB37DF-2526-4F42-8F5A-509C82D60FDE}"
EndProject
Project("{FAE04EC0-301F-11D3-BF4B-00C04F79EFBC}") = "Day1Puzzle2", "Day1Puzzle2\Day1Puzzle2.csproj", "{23735A3C-9649-44D7-9251-57330DA6A631}"
EndProject
Project("{2150E333-8FDC-42A3-9474-1A3956D46DE8}") = "Day1", "Day1", "{7146F730-00E5-4E75-871E-7E501D4300BF}"
EndProject
Project("{FAE04EC0-301F-11D3-BF4B-00C04F79EFBC}") = "Day1Puzzle2Tests", "Day1Puzzle2Tests\Day1Puzzle2Tests.csproj", "{CB8CB91A-546C-4337-BA1A-FEF1E31941AE}"
EndProject
Global
	GlobalSection(SolutionConfigurationPlatforms) = preSolution
		Debug|Any CPU = Debug|Any CPU
		Release|Any CPU = Release|Any CPU
	EndGlobalSection
	GlobalSection(SolutionProperties) = preSolution
		HideSolutionNode = FALSE
	EndGlobalSection
	GlobalSection(ProjectConfigurationPlatforms) = postSolution
		{17AB37DF-2526-4F42-8F5A-509C82D60FDE}.Debug|Any CPU.ActiveCfg = Debug|Any CPU
		{17AB37DF-2526-4F42-8F5A-509C82D60FDE}.Debug|Any CPU.Build.0 = Debug|Any CPU
		{17AB37DF-2526-4F42-8F5A-509C82D60FDE}.Release|Any CPU.ActiveCfg = Release|Any CPU
		{17AB37DF-2526-4F42-8F5A-509C82D60FDE}.Release|Any CPU.Build.0 = Release|Any CPU
		{23735A3C-9649-44D7-9251-57330DA6A631}.Debug|Any CPU.ActiveCfg = Debug|Any CPU
		{23735A3C-9649-44D7-9251-57330DA6A631}.Debug|Any CPU.Build.0 = Debug|Any CPU
		{23735A3C-9649-44D7-9251-57330DA6A631}.Release|Any CPU.ActiveCfg = Release|Any CPU
		{23735A3C-9649-44D7-9251-57330DA6A631}.Release|Any CPU.Build.0 = Release|Any CPU
		{CB8CB91A-546C-4337-BA1A-FEF1E31941AE}.Debug|Any CPU.ActiveCfg = Debug|Any CPU
		{CB8CB91A-546C-4337-BA1A-FEF1E31941AE}.Debug|Any CPU.Build.0 = Debug|Any CPU
		{CB8CB91A-546C-4337-BA1A-FEF1E31941AE}.Release|Any CPU.ActiveCfg = Release|Any CPU
		{CB8CB91A-546C-4337-BA1A-FEF1E31941AE}.Release|Any CPU.Build.0 = Release|Any CPU
	EndGlobalSection
	GlobalSection(NestedProjects) = preSolution
		{17AB37DF-2526-4F42-8F5A-509C82D60FDE} = {7146F730-00E5-4E75-871E-7E501D4300BF}
		{23735A3C-9649-44D7-9251-57330DA6A631} = {7146F730-00E5-4E75-871E-7E501D4300BF}
		{CB8CB91A-546C-4337-BA1A-FEF1E31941AE} = {7146F730-00E5-4E75-871E-7E501D4300BF}
	EndGlobalSection
EndGlobal
